
Microsoft Visual Studio Solution File, Format Version 12.00
# Visual Studio 15
VisualStudioVersion = 15.0.26124.0
MinimumVisualStudioVersion = 15.0.26124.0
Project("{FAE04EC0-301F-11D3-BF4B-00C04F79EFBC}") = "Framework", "Framework\Framework.csproj", "{3E3E0A20-5AA9-43EA-B9B2-195860DEDFBA}"
EndProject
Project("{FAE04EC0-301F-11D3-BF4B-00C04F79EFBC}") = "Framework.Tests", "Framework.Tests\Framework.Tests.csproj", "{4EF9C63C-C25F-4D9B-8658-C6784A965AF2}"
EndProject
Global
	GlobalSection(SolutionConfigurationPlatforms) = preSolution
		Debug|Any CPU = Debug|Any CPU
		Debug|x64 = Debug|x64
		Debug|x86 = Debug|x86
		Release|Any CPU = Release|Any CPU
		Release|x64 = Release|x64
		Release|x86 = Release|x86
	EndGlobalSection
	GlobalSection(SolutionProperties) = preSolution
		HideSolutionNode = FALSE
	EndGlobalSection
	GlobalSection(ProjectConfigurationPlatforms) = postSolution
		{3E3E0A20-5AA9-43EA-B9B2-195860DEDFBA}.Debug|Any CPU.ActiveCfg = Debug|Any CPU
		{3E3E0A20-5AA9-43EA-B9B2-195860DEDFBA}.Debug|Any CPU.Build.0 = Debug|Any CPU
		{3E3E0A20-5AA9-43EA-B9B2-195860DEDFBA}.Debug|x64.ActiveCfg = Debug|Any CPU
		{3E3E0A20-5AA9-43EA-B9B2-195860DEDFBA}.Debug|x64.Build.0 = Debug|Any CPU
		{3E3E0A20-5AA9-43EA-B9B2-195860DEDFBA}.Debug|x86.ActiveCfg = Debug|Any CPU
		{3E3E0A20-5AA9-43EA-B9B2-195860DEDFBA}.Debug|x86.Build.0 = Debug|Any CPU
		{3E3E0A20-5AA9-43EA-B9B2-195860DEDFBA}.Release|Any CPU.ActiveCfg = Release|Any CPU
		{3E3E0A20-5AA9-43EA-B9B2-195860DEDFBA}.Release|Any CPU.Build.0 = Release|Any CPU
		{3E3E0A20-5AA9-43EA-B9B2-195860DEDFBA}.Release|x64.ActiveCfg = Release|Any CPU
		{3E3E0A20-5AA9-43EA-B9B2-195860DEDFBA}.Release|x64.Build.0 = Release|Any CPU
		{3E3E0A20-5AA9-43EA-B9B2-195860DEDFBA}.Release|x86.ActiveCfg = Release|Any CPU
		{3E3E0A20-5AA9-43EA-B9B2-195860DEDFBA}.Release|x86.Build.0 = Release|Any CPU
		{4EF9C63C-C25F-4D9B-8658-C6784A965AF2}.Debug|Any CPU.ActiveCfg = Debug|Any CPU
		{4EF9C63C-C25F-4D9B-8658-C6784A965AF2}.Debug|Any CPU.Build.0 = Debug|Any CPU
		{4EF9C63C-C25F-4D9B-8658-C6784A965AF2}.Debug|x64.ActiveCfg = Debug|Any CPU
		{4EF9C63C-C25F-4D9B-8658-C6784A965AF2}.Debug|x64.Build.0 = Debug|Any CPU
		{4EF9C63C-C25F-4D9B-8658-C6784A965AF2}.Debug|x86.ActiveCfg = Debug|Any CPU
		{4EF9C63C-C25F-4D9B-8658-C6784A965AF2}.Debug|x86.Build.0 = Debug|Any CPU
		{4EF9C63C-C25F-4D9B-8658-C6784A965AF2}.Release|Any CPU.ActiveCfg = Release|Any CPU
		{4EF9C63C-C25F-4D9B-8658-C6784A965AF2}.Release|Any CPU.Build.0 = Release|Any CPU
		{4EF9C63C-C25F-4D9B-8658-C6784A965AF2}.Release|x64.ActiveCfg = Release|Any CPU
		{4EF9C63C-C25F-4D9B-8658-C6784A965AF2}.Release|x64.Build.0 = Release|Any CPU
		{4EF9C63C-C25F-4D9B-8658-C6784A965AF2}.Release|x86.ActiveCfg = Release|Any CPU
		{4EF9C63C-C25F-4D9B-8658-C6784A965AF2}.Release|x86.Build.0 = Release|Any CPU
	EndGlobalSection
EndGlobal
